{
    "requires": true,
    "lockfileVersion": 1,
    "dependencies": {
        "axios": {
            "version": "0.16.2",
            "resolved": "https://registry.npmjs.org/axios/-/axios-0.16.2.tgz",
            "integrity": "sha1-uk+S8XFn37q0CYN4VFS5rBScPG0=",
            "dev": true
        },
        "bootstrap-sass": {
            "version": "3.3.7",
            "resolved": "https://registry.npmjs.org/bootstrap-sass/-/bootstrap-sass-3.3.7.tgz",
            "integrity": "sha1-ZZbHq0D2Y3OTMjqwvIDQZPxjBJg=",
            "dev": true
        },
        "chart.js": {
            "version": "2.7.0",
            "resolved": "https://registry.npmjs.org/chart.js/-/chart.js-2.7.0.tgz",
            "integrity": "sha1-Mw277gxmGZ63FfYPv4ykApYJpSk="
        },
        "cross-env": {
            "version": "5.0.5",
            "resolved": "https://registry.npmjs.org/cross-env/-/cross-env-5.0.5.tgz",
            "integrity": "sha1-Q4PTZNlmCHPdGFs5ivO/717//vM=",
            "dev": true
        },
        "jquery": {
            "version": "3.2.1",
            "resolved": "https://registry.npmjs.org/jquery/-/jquery-3.2.1.tgz",
            "integrity": "sha1-XE2d5lKvbNCncBVKYxu6ErAVx4c=",
            "dev": true
        },
        "laravel-mix": {
            "version": "1.5.0",
            "resolved": "https://registry.npmjs.org/laravel-mix/-/laravel-mix-1.5.0.tgz",
            "integrity": "sha512-B3r3VOFMaQS99snE+GnQRqit8a53ZT42NMswfpFP2uxoPJMEJDHh7i+C/6rJE/G/UD1P6LDWJCtfsMObhyrkrg==",
            "dev": true
        },
        "lodash": {
            "version": "4.17.21",
            "resolved": "https://registry.npmjs.org/lodash/-/lodash-4.17.21.tgz",
            "integrity": "sha512-v2kDEe57lecTulaDIuNTPy3Ry4gLGJ6Z1O3vE1krgXZNrsQ+LFTGHVxVjcXPs17LhbZVGedAJv8XZ1tvj5FvSg==",
            "dev": true
        },
        "vue": {
            "version": "2.5.2",
            "resolved": "https://registry.npmjs.org/vue/-/vue-2.5.2.tgz",
            "integrity": "sha512-Au9rf8fPkBulFHfZ406UaQDd1jH9fqGRIM+0IHilrXnJ/0TeeMH4SBkNxWf2dGevl2S3aVeu0E/WklEv0/msag==",
            "dev": true
        }
    }
}
